
Microsoft Visual Studio Solution File, Format Version 12.00
# Visual Studio 2013
VisualStudioVersion = 12.0.31101.0
MinimumVisualStudioVersion = 10.0.40219.1
Project("{8BC9CEB8-8B4A-11D0-8D11-00A0C91BC942}") = "lwlib", "lwlib.vcxproj", "{93A52E3F-D19D-4A1A-8B8F-15270BD3D0E2}"
EndProject
Project("{8BC9CEB8-8B4A-11D0-8D11-00A0C91BC942}") = "lwasm", "lwasm.vcxproj", "{52309F4D-C1D8-43FC-BC02-C71B69D01E3B}"
EndProject
Project("{8BC9CEB8-8B4A-11D0-8D11-00A0C91BC942}") = "lwlink", "lwlink.vcxproj", "{FF4E3359-4B82-4111-8D32-16E0DCFAE39E}"
EndProject
Project("{8BC9CEB8-8B4A-11D0-8D11-00A0C91BC942}") = "lwar", "lwar.vcxproj", "{D3F0DBD9-6275-428B-950F-01FE32D77A58}"
EndProject
Project("{8BC9CEB8-8B4A-11D0-8D11-00A0C91BC942}") = "lwobjdump", "lwobjdump.vcxproj", "{852540C9-DEA5-4BFF-BE18-FD946C3857AA}"
EndProject
Global
	GlobalSection(SolutionConfigurationPlatforms) = preSolution
		Debug|Win32 = Debug|Win32
		Release|Win32 = Release|Win32
	EndGlobalSection
	GlobalSection(ProjectConfigurationPlatforms) = postSolution
		{93A52E3F-D19D-4A1A-8B8F-15270BD3D0E2}.Debug|Win32.ActiveCfg = Debug|Win32
		{93A52E3F-D19D-4A1A-8B8F-15270BD3D0E2}.Debug|Win32.Build.0 = Debug|Win32
		{93A52E3F-D19D-4A1A-8B8F-15270BD3D0E2}.Release|Win32.ActiveCfg = Release|Win32
		{93A52E3F-D19D-4A1A-8B8F-15270BD3D0E2}.Release|Win32.Build.0 = Release|Win32
		{52309F4D-C1D8-43FC-BC02-C71B69D01E3B}.Debug|Win32.ActiveCfg = Debug|Win32
		{52309F4D-C1D8-43FC-BC02-C71B69D01E3B}.Debug|Win32.Build.0 = Debug|Win32
		{52309F4D-C1D8-43FC-BC02-C71B69D01E3B}.Release|Win32.ActiveCfg = Release|Win32
		{52309F4D-C1D8-43FC-BC02-C71B69D01E3B}.Release|Win32.Build.0 = Release|Win32
		{FF4E3359-4B82-4111-8D32-16E0DCFAE39E}.Debug|Win32.ActiveCfg = Debug|Win32
		{FF4E3359-4B82-4111-8D32-16E0DCFAE39E}.Debug|Win32.Build.0 = Debug|Win32
		{FF4E3359-4B82-4111-8D32-16E0DCFAE39E}.Release|Win32.ActiveCfg = Release|Win32
		{FF4E3359-4B82-4111-8D32-16E0DCFAE39E}.Release|Win32.Build.0 = Release|Win32
		{D3F0DBD9-6275-428B-950F-01FE32D77A58}.Debug|Win32.ActiveCfg = Debug|Win32
		{D3F0DBD9-6275-428B-950F-01FE32D77A58}.Debug|Win32.Build.0 = Debug|Win32
		{D3F0DBD9-6275-428B-950F-01FE32D77A58}.Release|Win32.ActiveCfg = Release|Win32
		{D3F0DBD9-6275-428B-950F-01FE32D77A58}.Release|Win32.Build.0 = Release|Win32
		{852540C9-DEA5-4BFF-BE18-FD946C3857AA}.Debug|Win32.ActiveCfg = Debug|Win32
		{852540C9-DEA5-4BFF-BE18-FD946C3857AA}.Debug|Win32.Build.0 = Debug|Win32
		{852540C9-DEA5-4BFF-BE18-FD946C3857AA}.Release|Win32.ActiveCfg = Release|Win32
		{852540C9-DEA5-4BFF-BE18-FD946C3857AA}.Release|Win32.Build.0 = Release|Win32
	EndGlobalSection
	GlobalSection(SolutionProperties) = preSolution
		HideSolutionNode = FALSE
	EndGlobalSection
EndGlobal
